
Microsoft Visual Studio Solution File, Format Version 12.00
# Visual Studio Version 17
VisualStudioVersion = 17.7.34024.191
MinimumVisualStudioVersion = 10.0.40219.1
Project("{FAE04EC0-301F-11D3-BF4B-00C04F79EFBC}") = "PAMERYUK", "PAMERYUK\PAMERYUK.csproj", "{6884CC55-7300-4264-AD57-018892781166}"
EndProject
Project("{FAE04EC0-301F-11D3-BF4B-00C04F79EFBC}") = "Class_PamerYuk", "Class_PamerYuk\Class_PamerYuk.csproj", "{690C8FB2-B57B-46A8-B949-019FC5C0C457}"
EndProject
Global
	GlobalSection(SolutionConfigurationPlatforms) = preSolution
		Debug|Any CPU = Debug|Any CPU
		Release|Any CPU = Release|Any CPU
	EndGlobalSection
	GlobalSection(ProjectConfigurationPlatforms) = postSolution
		{6884CC55-7300-4264-AD57-018892781166}.Debug|Any CPU.ActiveCfg = Debug|Any CPU
		{6884CC55-7300-4264-AD57-018892781166}.Debug|Any CPU.Build.0 = Debug|Any CPU
		{6884CC55-7300-4264-AD57-018892781166}.Release|Any CPU.ActiveCfg = Release|Any CPU
		{6884CC55-7300-4264-AD57-018892781166}.Release|Any CPU.Build.0 = Release|Any CPU
		{690C8FB2-B57B-46A8-B949-019FC5C0C457}.Debug|Any CPU.ActiveCfg = Debug|Any CPU
		{690C8FB2-B57B-46A8-B949-019FC5C0C457}.Debug|Any CPU.Build.0 = Debug|Any CPU
		{690C8FB2-B57B-46A8-B949-019FC5C0C457}.Release|Any CPU.ActiveCfg = Release|Any CPU
		{690C8FB2-B57B-46A8-B949-019FC5C0C457}.Release|Any CPU.Build.0 = Release|Any CPU
	EndGlobalSection
	GlobalSection(SolutionProperties) = preSolution
		HideSolutionNode = FALSE
	EndGlobalSection
	GlobalSection(ExtensibilityGlobals) = postSolution
		SolutionGuid = {BED487A1-F1BE-446B-8456-3A6874718484}
	EndGlobalSection
EndGlobal
